
Microsoft Visual Studio Solution File, Format Version 12.00
# Visual Studio Version 17
VisualStudioVersion = 17.8.34525.116
MinimumVisualStudioVersion = 10.0.40219.1
Project("{FAE04EC0-301F-11D3-BF4B-00C04F79EFBC}") = "EFCoreDemos", "EFCoreDemos\EFCoreDemos.csproj", "{EFA1D4F6-E3F4-4A54-ACB8-07011E7464FE}"
EndProject
Global
	GlobalSection(SolutionConfigurationPlatforms) = preSolution
		Debug|Any CPU = Debug|Any CPU
		Release|Any CPU = Release|Any CPU
	EndGlobalSection
	GlobalSection(ProjectConfigurationPlatforms) = postSolution
		{EFA1D4F6-E3F4-4A54-ACB8-07011E7464FE}.Debug|Any CPU.ActiveCfg = Debug|Any CPU
		{EFA1D4F6-E3F4-4A54-ACB8-07011E7464FE}.Debug|Any CPU.Build.0 = Debug|Any CPU
		{EFA1D4F6-E3F4-4A54-ACB8-07011E7464FE}.Debug|Any CPU.Deploy.0 = Debug|Any CPU
		{EFA1D4F6-E3F4-4A54-ACB8-07011E7464FE}.Release|Any CPU.ActiveCfg = Release|Any CPU
		{EFA1D4F6-E3F4-4A54-ACB8-07011E7464FE}.Release|Any CPU.Build.0 = Release|Any CPU
		{EFA1D4F6-E3F4-4A54-ACB8-07011E7464FE}.Release|Any CPU.Deploy.0 = Release|Any CPU
	EndGlobalSection
	GlobalSection(SolutionProperties) = preSolution
		HideSolutionNode = FALSE
	EndGlobalSection
	GlobalSection(ExtensibilityGlobals) = postSolution
		SolutionGuid = {744CA74F-BB4F-4408-A9C6-451BEBAF8340}
	EndGlobalSection
EndGlobal
